
Microsoft Visual Studio Solution File, Format Version 12.00
# Visual Studio Version 17
VisualStudioVersion = 17.13.35818.85
MinimumVisualStudioVersion = 10.0.40219.1
Project("{FAE04EC0-301F-11D3-BF4B-00C04F79EFBC}") = "SyntaxWinApp01", "SyntaxWinApp01\SyntaxWinApp01.csproj", "{B16EEA53-CD8A-4220-B57A-200A0132C43E}"
EndProject
Project("{FAE04EC0-301F-11D3-BF4B-00C04F79EFBC}") = "SyntaxWinApp02", "SyntaxWinApp02\SyntaxWinApp02.csproj", "{95718D4D-4CDF-41DA-A78F-9C5A77057DD1}"
EndProject
Project("{FAE04EC0-301F-11D3-BF4B-00C04F79EFBC}") = "SyntaxWinApp03", "SyntaxWinApp03\SyntaxWinApp03.csproj", "{7165D583-266E-47BD-8100-897250EDD410}"
EndProject
Global
	GlobalSection(SolutionConfigurationPlatforms) = preSolution
		Debug|Any CPU = Debug|Any CPU
		Release|Any CPU = Release|Any CPU
	EndGlobalSection
	GlobalSection(ProjectConfigurationPlatforms) = postSolution
		{B16EEA53-CD8A-4220-B57A-200A0132C43E}.Debug|Any CPU.ActiveCfg = Debug|Any CPU
		{B16EEA53-CD8A-4220-B57A-200A0132C43E}.Debug|Any CPU.Build.0 = Debug|Any CPU
		{B16EEA53-CD8A-4220-B57A-200A0132C43E}.Release|Any CPU.ActiveCfg = Release|Any CPU
		{B16EEA53-CD8A-4220-B57A-200A0132C43E}.Release|Any CPU.Build.0 = Release|Any CPU
		{95718D4D-4CDF-41DA-A78F-9C5A77057DD1}.Debug|Any CPU.ActiveCfg = Debug|Any CPU
		{95718D4D-4CDF-41DA-A78F-9C5A77057DD1}.Debug|Any CPU.Build.0 = Debug|Any CPU
		{95718D4D-4CDF-41DA-A78F-9C5A77057DD1}.Release|Any CPU.ActiveCfg = Release|Any CPU
		{95718D4D-4CDF-41DA-A78F-9C5A77057DD1}.Release|Any CPU.Build.0 = Release|Any CPU
		{7165D583-266E-47BD-8100-897250EDD410}.Debug|Any CPU.ActiveCfg = Debug|Any CPU
		{7165D583-266E-47BD-8100-897250EDD410}.Debug|Any CPU.Build.0 = Debug|Any CPU
		{7165D583-266E-47BD-8100-897250EDD410}.Release|Any CPU.ActiveCfg = Release|Any CPU
		{7165D583-266E-47BD-8100-897250EDD410}.Release|Any CPU.Build.0 = Release|Any CPU
	EndGlobalSection
	GlobalSection(SolutionProperties) = preSolution
		HideSolutionNode = FALSE
	EndGlobalSection
	GlobalSection(ExtensibilityGlobals) = postSolution
		SolutionGuid = {DF4EB657-A681-4685-B728-20E29188C62E}
	EndGlobalSection
EndGlobal
