
Microsoft Visual Studio Solution File, Format Version 12.00
# Visual Studio Version 17
VisualStudioVersion = 17.13.35818.85
MinimumVisualStudioVersion = 10.0.40219.1
Project("{FAE04EC0-301F-11D3-BF4B-00C04F79EFBC}") = "WpfStudyApp01", "WpfStudyApp01\WpfStudyApp01.csproj", "{B7AB07B6-24FB-4E8A-91AB-D12BC174561E}"
EndProject
Project("{FAE04EC0-301F-11D3-BF4B-00C04F79EFBC}") = "WpfStudyApp02", "WpfStudyApp02\WpfStudyApp02.csproj", "{D2391D49-A5AD-4D77-A87B-7B3CA26467EE}"
EndProject
Project("{FAE04EC0-301F-11D3-BF4B-00C04F79EFBC}") = "WpfStudyApp03", "WpfStudyApp03\WpfStudyApp03.csproj", "{BBB4C03D-84D1-4C1B-834E-ACA5FC90ED5A}"
EndProject
Project("{FAE04EC0-301F-11D3-BF4B-00C04F79EFBC}") = "WpfStudyApp04", "WpfStudyApp04\WpfStudyApp04.csproj", "{BF5C6F0C-15E8-4EC6-837F-173E0A7EFA80}"
EndProject
Global
	GlobalSection(SolutionConfigurationPlatforms) = preSolution
		Debug|Any CPU = Debug|Any CPU
		Release|Any CPU = Release|Any CPU
	EndGlobalSection
	GlobalSection(ProjectConfigurationPlatforms) = postSolution
		{B7AB07B6-24FB-4E8A-91AB-D12BC174561E}.Debug|Any CPU.ActiveCfg = Debug|Any CPU
		{B7AB07B6-24FB-4E8A-91AB-D12BC174561E}.Debug|Any CPU.Build.0 = Debug|Any CPU
		{B7AB07B6-24FB-4E8A-91AB-D12BC174561E}.Release|Any CPU.ActiveCfg = Release|Any CPU
		{B7AB07B6-24FB-4E8A-91AB-D12BC174561E}.Release|Any CPU.Build.0 = Release|Any CPU
		{D2391D49-A5AD-4D77-A87B-7B3CA26467EE}.Debug|Any CPU.ActiveCfg = Debug|Any CPU
		{D2391D49-A5AD-4D77-A87B-7B3CA26467EE}.Debug|Any CPU.Build.0 = Debug|Any CPU
		{D2391D49-A5AD-4D77-A87B-7B3CA26467EE}.Release|Any CPU.ActiveCfg = Release|Any CPU
		{D2391D49-A5AD-4D77-A87B-7B3CA26467EE}.Release|Any CPU.Build.0 = Release|Any CPU
		{BBB4C03D-84D1-4C1B-834E-ACA5FC90ED5A}.Debug|Any CPU.ActiveCfg = Debug|Any CPU
		{BBB4C03D-84D1-4C1B-834E-ACA5FC90ED5A}.Debug|Any CPU.Build.0 = Debug|Any CPU
		{BBB4C03D-84D1-4C1B-834E-ACA5FC90ED5A}.Release|Any CPU.ActiveCfg = Release|Any CPU
		{BBB4C03D-84D1-4C1B-834E-ACA5FC90ED5A}.Release|Any CPU.Build.0 = Release|Any CPU
		{BF5C6F0C-15E8-4EC6-837F-173E0A7EFA80}.Debug|Any CPU.ActiveCfg = Debug|Any CPU
		{BF5C6F0C-15E8-4EC6-837F-173E0A7EFA80}.Debug|Any CPU.Build.0 = Debug|Any CPU
		{BF5C6F0C-15E8-4EC6-837F-173E0A7EFA80}.Release|Any CPU.ActiveCfg = Release|Any CPU
		{BF5C6F0C-15E8-4EC6-837F-173E0A7EFA80}.Release|Any CPU.Build.0 = Release|Any CPU
	EndGlobalSection
	GlobalSection(SolutionProperties) = preSolution
		HideSolutionNode = FALSE
	EndGlobalSection
	GlobalSection(ExtensibilityGlobals) = postSolution
		SolutionGuid = {086EE4FD-3D1A-4EB7-BF37-09FC266366AB}
	EndGlobalSection
EndGlobal
